
Microsoft Visual Studio Solution File, Format Version 12.00
# Visual Studio 15
VisualStudioVersion = 15.0.26124.0
MinimumVisualStudioVersion = 15.0.26124.0
Project("{9A19103F-16F7-4668-BE54-9A1E7A4F7556}") = "UnitTests", "UnitTests\UnitTests.csproj", "{38DEF453-EFCE-43C5-B370-155DEAE9419D}"
EndProject
Project("{FAE04EC0-301F-11D3-BF4B-00C04F79EFBC}") = "IntegrationTests", "IntegrationTests\IntegrationTests.csproj", "{6FC1FD80-CE8F-430E-96DC-18DFBBCF7FBA}"
EndProject
Global
	GlobalSection(SolutionConfigurationPlatforms) = preSolution
		Debug|Any CPU = Debug|Any CPU
		Debug|x64 = Debug|x64
		Debug|x86 = Debug|x86
		Release|Any CPU = Release|Any CPU
		Release|x64 = Release|x64
		Release|x86 = Release|x86
	EndGlobalSection
	GlobalSection(ProjectConfigurationPlatforms) = postSolution
		{38DEF453-EFCE-43C5-B370-155DEAE9419D}.Debug|Any CPU.ActiveCfg = Debug|Any CPU
		{38DEF453-EFCE-43C5-B370-155DEAE9419D}.Debug|Any CPU.Build.0 = Debug|Any CPU
		{38DEF453-EFCE-43C5-B370-155DEAE9419D}.Debug|x64.ActiveCfg = Debug|Any CPU
		{38DEF453-EFCE-43C5-B370-155DEAE9419D}.Debug|x64.Build.0 = Debug|Any CPU
		{38DEF453-EFCE-43C5-B370-155DEAE9419D}.Debug|x86.ActiveCfg = Debug|Any CPU
		{38DEF453-EFCE-43C5-B370-155DEAE9419D}.Debug|x86.Build.0 = Debug|Any CPU
		{38DEF453-EFCE-43C5-B370-155DEAE9419D}.Release|Any CPU.ActiveCfg = Release|Any CPU
		{38DEF453-EFCE-43C5-B370-155DEAE9419D}.Release|Any CPU.Build.0 = Release|Any CPU
		{38DEF453-EFCE-43C5-B370-155DEAE9419D}.Release|x64.ActiveCfg = Release|Any CPU
		{38DEF453-EFCE-43C5-B370-155DEAE9419D}.Release|x64.Build.0 = Release|Any CPU
		{38DEF453-EFCE-43C5-B370-155DEAE9419D}.Release|x86.ActiveCfg = Release|Any CPU
		{38DEF453-EFCE-43C5-B370-155DEAE9419D}.Release|x86.Build.0 = Release|Any CPU
		{6FC1FD80-CE8F-430E-96DC-18DFBBCF7FBA}.Debug|Any CPU.ActiveCfg = Debug|Any CPU
		{6FC1FD80-CE8F-430E-96DC-18DFBBCF7FBA}.Debug|Any CPU.Build.0 = Debug|Any CPU
		{6FC1FD80-CE8F-430E-96DC-18DFBBCF7FBA}.Debug|x64.ActiveCfg = Debug|Any CPU
		{6FC1FD80-CE8F-430E-96DC-18DFBBCF7FBA}.Debug|x64.Build.0 = Debug|Any CPU
		{6FC1FD80-CE8F-430E-96DC-18DFBBCF7FBA}.Debug|x86.ActiveCfg = Debug|Any CPU
		{6FC1FD80-CE8F-430E-96DC-18DFBBCF7FBA}.Debug|x86.Build.0 = Debug|Any CPU
		{6FC1FD80-CE8F-430E-96DC-18DFBBCF7FBA}.Release|Any CPU.ActiveCfg = Release|Any CPU
		{6FC1FD80-CE8F-430E-96DC-18DFBBCF7FBA}.Release|Any CPU.Build.0 = Release|Any CPU
		{6FC1FD80-CE8F-430E-96DC-18DFBBCF7FBA}.Release|x64.ActiveCfg = Release|Any CPU
		{6FC1FD80-CE8F-430E-96DC-18DFBBCF7FBA}.Release|x64.Build.0 = Release|Any CPU
		{6FC1FD80-CE8F-430E-96DC-18DFBBCF7FBA}.Release|x86.ActiveCfg = Release|Any CPU
		{6FC1FD80-CE8F-430E-96DC-18DFBBCF7FBA}.Release|x86.Build.0 = Release|Any CPU
	EndGlobalSection
	GlobalSection(SolutionProperties) = preSolution
		HideSolutionNode = FALSE
	EndGlobalSection
	GlobalSection(ExtensibilityGlobals) = postSolution
		SolutionGuid = {EB90ABF6-3F17-433B-93AC-570FE28431F0}
	EndGlobalSection
EndGlobal
